
Microsoft Visual Studio Solution File, Format Version 12.00
# Visual Studio Version 16
VisualStudioVersion = 16.0.30804.86
MinimumVisualStudioVersion = 10.0.40219.1
Project("{8BC9CEB8-8B4A-11D0-8D11-00A0C91BC942}") = "20344054", "20344054.vcxproj", "{08F3E27B-1E68-42B9-A0F8-477E52FFC529}"
EndProject
Global
	GlobalSection(SolutionConfigurationPlatforms) = preSolution
		Debug|x64 = Debug|x64
		Debug|x86 = Debug|x86
		Release|x64 = Release|x64
		Release|x86 = Release|x86
	EndGlobalSection
	GlobalSection(ProjectConfigurationPlatforms) = postSolution
		{08F3E27B-1E68-42B9-A0F8-477E52FFC529}.Debug|x64.ActiveCfg = Debug|x64
		{08F3E27B-1E68-42B9-A0F8-477E52FFC529}.Debug|x64.Build.0 = Debug|x64
		{08F3E27B-1E68-42B9-A0F8-477E52FFC529}.Debug|x86.ActiveCfg = Debug|Win32
		{08F3E27B-1E68-42B9-A0F8-477E52FFC529}.Debug|x86.Build.0 = Debug|Win32
		{08F3E27B-1E68-42B9-A0F8-477E52FFC529}.Release|x64.ActiveCfg = Release|x64
		{08F3E27B-1E68-42B9-A0F8-477E52FFC529}.Release|x64.Build.0 = Release|x64
		{08F3E27B-1E68-42B9-A0F8-477E52FFC529}.Release|x86.ActiveCfg = Release|Win32
		{08F3E27B-1E68-42B9-A0F8-477E52FFC529}.Release|x86.Build.0 = Release|Win32
	EndGlobalSection
	GlobalSection(SolutionProperties) = preSolution
		HideSolutionNode = FALSE
	EndGlobalSection
	GlobalSection(ExtensibilityGlobals) = postSolution
		SolutionGuid = {68A872E4-E8EE-4D80-803E-8BBC40CFE19F}
	EndGlobalSection
EndGlobal
